
Microsoft Visual Studio Solution File, Format Version 12.00
Project("{FAE04EC0-301F-11D3-BF4B-00C04F79EFBC}") = "CryptoShredding.Api", "CryptoShredding.Api\CryptoShredding.Api.csproj", "{C8D24B89-D654-439A-A83C-B1632A264E29}"
EndProject
Project("{2150E333-8FDC-42A3-9474-1A3956D46DE8}") = "Solution Items", "Solution Items", "{45546984-1E90-43C4-AD81-64E0C47C06B6}"
	ProjectSection(SolutionItems) = preProject
		docker-compose.yml = docker-compose.yml
	EndProjectSection
EndProject
Project("{FAE04EC0-301F-11D3-BF4B-00C04F79EFBC}") = "CryptoShredding.Core", "CryptoShredding.Core\CryptoShredding.Core.csproj", "{06DFCE22-08D2-4495-BBC9-060D005C8131}"
EndProject
Global
	GlobalSection(SolutionConfigurationPlatforms) = preSolution
		Debug|Any CPU = Debug|Any CPU
		Release|Any CPU = Release|Any CPU
	EndGlobalSection
	GlobalSection(ProjectConfigurationPlatforms) = postSolution
		{C8D24B89-D654-439A-A83C-B1632A264E29}.Debug|Any CPU.ActiveCfg = Debug|Any CPU
		{C8D24B89-D654-439A-A83C-B1632A264E29}.Debug|Any CPU.Build.0 = Debug|Any CPU
		{C8D24B89-D654-439A-A83C-B1632A264E29}.Release|Any CPU.ActiveCfg = Release|Any CPU
		{C8D24B89-D654-439A-A83C-B1632A264E29}.Release|Any CPU.Build.0 = Release|Any CPU
		{06DFCE22-08D2-4495-BBC9-060D005C8131}.Debug|Any CPU.ActiveCfg = Debug|Any CPU
		{06DFCE22-08D2-4495-BBC9-060D005C8131}.Debug|Any CPU.Build.0 = Debug|Any CPU
		{06DFCE22-08D2-4495-BBC9-060D005C8131}.Release|Any CPU.ActiveCfg = Release|Any CPU
		{06DFCE22-08D2-4495-BBC9-060D005C8131}.Release|Any CPU.Build.0 = Release|Any CPU
	EndGlobalSection
	GlobalSection(NestedProjects) = preSolution
	EndGlobalSection
EndGlobal
