
Microsoft Visual Studio Solution File, Format Version 12.00
# Visual Studio Version 17
VisualStudioVersion = 17.0.31903.59
MinimumVisualStudioVersion = 10.0.40219.1
Project("{2150E333-8FDC-42A3-9474-1A3956D46DE8}") = "Customers", "Customers", "{9C23BEB0-C365-5515-141F-EE7A25C1AA0E}"
EndProject
Project("{FAE04EC0-301F-11D3-BF4B-00C04F79EFBC}") = "Customers.Core", "Customers\Customers.Core\Customers.Core.csproj", "{544E05F1-7284-44DE-A5A7-F7ED55CB1586}"
EndProject
Project("{FAE04EC0-301F-11D3-BF4B-00C04F79EFBC}") = "Customers.Api", "Customers\Customers.Api\Customers.Api.csproj", "{74D75642-B1F0-418C-987E-279DBAE3968F}"
EndProject
Project("{2150E333-8FDC-42A3-9474-1A3956D46DE8}") = "Orders", "Orders", "{C1E8875C-D70B-9A5C-543D-852EF2502BBD}"
EndProject
Project("{FAE04EC0-301F-11D3-BF4B-00C04F79EFBC}") = "Orders.Api", "Orders\Orders.Api\Orders.Api.csproj", "{ACD3E536-C38F-4F0B-81D0-3818BF9E2197}"
EndProject
Global
	GlobalSection(SolutionConfigurationPlatforms) = preSolution
		Debug|Any CPU = Debug|Any CPU
		Debug|x64 = Debug|x64
		Debug|x86 = Debug|x86
		Release|Any CPU = Release|Any CPU
		Release|x64 = Release|x64
		Release|x86 = Release|x86
	EndGlobalSection
	GlobalSection(ProjectConfigurationPlatforms) = postSolution
		{544E05F1-7284-44DE-A5A7-F7ED55CB1586}.Debug|Any CPU.ActiveCfg = Debug|Any CPU
		{544E05F1-7284-44DE-A5A7-F7ED55CB1586}.Debug|Any CPU.Build.0 = Debug|Any CPU
		{544E05F1-7284-44DE-A5A7-F7ED55CB1586}.Debug|x64.ActiveCfg = Debug|Any CPU
		{544E05F1-7284-44DE-A5A7-F7ED55CB1586}.Debug|x64.Build.0 = Debug|Any CPU
		{544E05F1-7284-44DE-A5A7-F7ED55CB1586}.Debug|x86.ActiveCfg = Debug|Any CPU
		{544E05F1-7284-44DE-A5A7-F7ED55CB1586}.Debug|x86.Build.0 = Debug|Any CPU
		{544E05F1-7284-44DE-A5A7-F7ED55CB1586}.Release|Any CPU.ActiveCfg = Release|Any CPU
		{544E05F1-7284-44DE-A5A7-F7ED55CB1586}.Release|Any CPU.Build.0 = Release|Any CPU
		{544E05F1-7284-44DE-A5A7-F7ED55CB1586}.Release|x64.ActiveCfg = Release|Any CPU
		{544E05F1-7284-44DE-A5A7-F7ED55CB1586}.Release|x64.Build.0 = Release|Any CPU
		{544E05F1-7284-44DE-A5A7-F7ED55CB1586}.Release|x86.ActiveCfg = Release|Any CPU
		{544E05F1-7284-44DE-A5A7-F7ED55CB1586}.Release|x86.Build.0 = Release|Any CPU
		{74D75642-B1F0-418C-987E-279DBAE3968F}.Debug|Any CPU.ActiveCfg = Debug|Any CPU
		{74D75642-B1F0-418C-987E-279DBAE3968F}.Debug|Any CPU.Build.0 = Debug|Any CPU
		{74D75642-B1F0-418C-987E-279DBAE3968F}.Debug|x64.ActiveCfg = Debug|Any CPU
		{74D75642-B1F0-418C-987E-279DBAE3968F}.Debug|x64.Build.0 = Debug|Any CPU
		{74D75642-B1F0-418C-987E-279DBAE3968F}.Debug|x86.ActiveCfg = Debug|Any CPU
		{74D75642-B1F0-418C-987E-279DBAE3968F}.Debug|x86.Build.0 = Debug|Any CPU
		{74D75642-B1F0-418C-987E-279DBAE3968F}.Release|Any CPU.ActiveCfg = Release|Any CPU
		{74D75642-B1F0-418C-987E-279DBAE3968F}.Release|Any CPU.Build.0 = Release|Any CPU
		{74D75642-B1F0-418C-987E-279DBAE3968F}.Release|x64.ActiveCfg = Release|Any CPU
		{74D75642-B1F0-418C-987E-279DBAE3968F}.Release|x64.Build.0 = Release|Any CPU
		{74D75642-B1F0-418C-987E-279DBAE3968F}.Release|x86.ActiveCfg = Release|Any CPU
		{74D75642-B1F0-418C-987E-279DBAE3968F}.Release|x86.Build.0 = Release|Any CPU
		{ACD3E536-C38F-4F0B-81D0-3818BF9E2197}.Debug|Any CPU.ActiveCfg = Debug|Any CPU
		{ACD3E536-C38F-4F0B-81D0-3818BF9E2197}.Debug|Any CPU.Build.0 = Debug|Any CPU
		{ACD3E536-C38F-4F0B-81D0-3818BF9E2197}.Debug|x64.ActiveCfg = Debug|Any CPU
		{ACD3E536-C38F-4F0B-81D0-3818BF9E2197}.Debug|x64.Build.0 = Debug|Any CPU
		{ACD3E536-C38F-4F0B-81D0-3818BF9E2197}.Debug|x86.ActiveCfg = Debug|Any CPU
		{ACD3E536-C38F-4F0B-81D0-3818BF9E2197}.Debug|x86.Build.0 = Debug|Any CPU
		{ACD3E536-C38F-4F0B-81D0-3818BF9E2197}.Release|Any CPU.ActiveCfg = Release|Any CPU
		{ACD3E536-C38F-4F0B-81D0-3818BF9E2197}.Release|Any CPU.Build.0 = Release|Any CPU
		{ACD3E536-C38F-4F0B-81D0-3818BF9E2197}.Release|x64.ActiveCfg = Release|Any CPU
		{ACD3E536-C38F-4F0B-81D0-3818BF9E2197}.Release|x64.Build.0 = Release|Any CPU
		{ACD3E536-C38F-4F0B-81D0-3818BF9E2197}.Release|x86.ActiveCfg = Release|Any CPU
		{ACD3E536-C38F-4F0B-81D0-3818BF9E2197}.Release|x86.Build.0 = Release|Any CPU
	EndGlobalSection
	GlobalSection(SolutionProperties) = preSolution
		HideSolutionNode = FALSE
	EndGlobalSection
	GlobalSection(NestedProjects) = preSolution
		{544E05F1-7284-44DE-A5A7-F7ED55CB1586} = {9C23BEB0-C365-5515-141F-EE7A25C1AA0E}
		{74D75642-B1F0-418C-987E-279DBAE3968F} = {9C23BEB0-C365-5515-141F-EE7A25C1AA0E}
		{ACD3E536-C38F-4F0B-81D0-3818BF9E2197} = {C1E8875C-D70B-9A5C-543D-852EF2502BBD}
	EndGlobalSection
EndGlobal
